// !$*UTF8*$!
{
	archiveVersion = 1;
	classes = {
	};
	objectVersion = 50;
	objects = {

/* Begin PBXBuildFile section */
		86A4F196226272740021DE1A /* main.cpp in Sources */ = {isa = PBXBuildFile; fileRef = 86A4F195226272740021DE1A /* main.cpp */; };
		86A4F19E226272D30021DE1A /* OpenGL.framework in Frameworks */ = {isa = PBXBuildFile; fileRef = 86A4F19D226272D20021DE1A /* OpenGL.framework */; };
		86A4F1A0226272ED0021DE1A /* libGLEW.a in Frameworks */ = {isa = PBXBuildFile; fileRef = 86A4F19F226272ED0021DE1A /* libGLEW.a */; };
		86A4F1A2226273070021DE1A /* libglfw3.a in Frameworks */ = {isa = PBXBuildFile; fileRef = 86A4F1A1226273070021DE1A /* libglfw3.a */; };
		86A4F1A4226276450021DE1A /* Cocoa.framework in Frameworks */ = {isa = PBXBuildFile; fileRef = 86A4F1A3226276450021DE1A /* Cocoa.framework */; };
		86A4F1A62262764F0021DE1A /* IOKit.framework in Frameworks */ = {isa = PBXBuildFile; fileRef = 86A4F1A52262764F0021DE1A /* IOKit.framework */; };
		86A4F1A8226276680021DE1A /* CoreVideo.framework in Frameworks */ = {isa = PBXBuildFile; fileRef = 86A4F1A7226276680021DE1A /* CoreVideo.framework */; };
/* End PBXBuildFile section */

/* Begin PBXCopyFilesBuildPhase section */
		86A4F190226272740021DE1A /* CopyFiles */ = {
			isa = PBXCopyFilesBuildPhase;
			buildActionMask = 2147483647;
			dstPath = /usr/share/man/man1/;
			dstSubfolderSpec = 0;
			files = (
			);
			runOnlyForDeploymentPostprocessing = 1;
		};
/* End PBXCopyFilesBuildPhase section */

/* Begin PBXFileReference section */
		86A4F192226272740021DE1A /* glewtest */ = {isa = PBXFileReference; explicitFileType = "compiled.mach-o.executable"; includeInIndex = 0; path = glewtest; sourceTree = BUILT_PRODUCTS_DIR; };
		86A4F195226272740021DE1A /* main.cpp */ = {isa = PBXFileReference; lastKnownFileType = sourcecode.cpp.cpp; path = main.cpp; sourceTree = "<group>"; };
		86A4F19D226272D20021DE1A /* OpenGL.framework */ = {isa = PBXFileReference; lastKnownFileType = wrapper.framework; name = OpenGL.framework; path = System/Library/Frameworks/OpenGL.framework; sourceTree = SDKROOT; };
		86A4F19F226272ED0021DE1A /* libGLEW.a */ = {isa = PBXFileReference; lastKnownFileType = archive.ar; name = libGLEW.a; path = ../../../../usr/local/Cellar/glew/2.1.0/lib/libGLEW.a; sourceTree = "<group>"; };
		86A4F1A1226273070021DE1A /* libglfw3.a */ = {isa = PBXFileReference; lastKnownFileType = archive.ar; name = libglfw3.a; path = ../../../../usr/local/lib/libglfw3.a; sourceTree = "<group>"; };
		86A4F1A3226276450021DE1A /* Cocoa.framework */ = {isa = PBXFileReference; lastKnownFileType = wrapper.framework; name = Cocoa.framework; path = System/Library/Frameworks/Cocoa.framework; sourceTree = SDKROOT; };
		86A4F1A52262764F0021DE1A /* IOKit.framework */ = {isa = PBXFileReference; lastKnownFileType = wrapper.framework; name = IOKit.framework; path = System/Library/Frameworks/IOKit.framework; sourceTree = SDKROOT; };
		86A4F1A7226276680021DE1A /* CoreVideo.framework */ = {isa = PBXFileReference; lastKnownFileType = wrapper.framework; name = CoreVideo.framework; path = System/Library/Frameworks/CoreVideo.framework; sourceTree = SDKROOT; };
/* End PBXFileReference section */

/* Begin PBXFrameworksBuildPhase section */
		86A4F18F226272740021DE1A /* Frameworks */ = {
			isa = PBXFrameworksBuildPhase;
			buildActionMask = 2147483647;
			files = (
				86A4F1A8226276680021DE1A /* CoreVideo.framework in Frameworks */,
				86A4F1A62262764F0021DE1A /* IOKit.framework in Frameworks */,
				86A4F1A4226276450021DE1A /* Cocoa.framework in Frameworks */,
				86A4F1A2226273070021DE1A /* libglfw3.a in Frameworks */,
				86A4F1A0226272ED0021DE1A /* libGLEW.a in Frameworks */,
				86A4F19E226272D30021DE1A /* OpenGL.framework in Frameworks */,
			);
			runOnlyForDeploymentPostprocessing = 0;
		};
/* End PBXFrameworksBuildPhase section */

/* Begin PBXGroup section */
		86A4F189226272740021DE1A = {
			isa = PBXGroup;
			children = (
				86A4F194226272740021DE1A /* glewtest */,
				86A4F193226272740021DE1A /* Products */,
				86A4F19C226272D20021DE1A /* Frameworks */,
			);
			sourceTree = "<group>";
		};
		86A4F193226272740021DE1A /* Products */ = {
			isa = PBXGroup;
			children = (
				86A4F192226272740021DE1A /* glewtest */,
			);
			name = Products;
			sourceTree = "<group>";
		};
		86A4F194226272740021DE1A /* glewtest */ = {
			isa = PBXGroup;
			children = (
				86A4F195226272740021DE1A /* main.cpp */,
			);
			path = glewtest;
			sourceTree = "<group>";
		};
		86A4F19C226272D20021DE1A /* Frameworks */ = {
			isa = PBXGroup;
			children = (
				86A4F1A7226276680021DE1A /* CoreVideo.framework */,
				86A4F1A52262764F0021DE1A /* IOKit.framework */,
				86A4F1A3226276450021DE1A /* Cocoa.framework */,
				86A4F1A1226273070021DE1A /* libglfw3.a */,
				86A4F19F226272ED0021DE1A /* libGLEW.a */,
				86A4F19D226272D20021DE1A /* OpenGL.framework */,
			);
			name = Frameworks;
			sourceTree = "<group>";
		};
/* End PBXGroup section */

/* Begin PBXNativeTarget section */
		86A4F191226272740021DE1A /* glewtest */ = {
			isa = PBXNativeTarget;
			buildConfigurationList = 86A4F199226272740021DE1A /* Build configuration list for PBXNativeTarget "glewtest" */;
			buildPhases = (
				86A4F18E226272740021DE1A /* Sources */,
				86A4F18F226272740021DE1A /* Frameworks */,
				86A4F190226272740021DE1A /* CopyFiles */,
			);
			buildRules = (
			);
			dependencies = (
			);
			name = glewtest;
			productName = glewtest;
			productReference = 86A4F192226272740021DE1A /* glewtest */;
			productType = "com.apple.product-type.tool";
		};
/* End PBXNativeTarget section */

/* Begin PBXProject section */
		86A4F18A226272740021DE1A /* Project object */ = {
			isa = PBXProject;
			attributes = {
				LastUpgradeCheck = 1020;
				ORGANIZATIONNAME = "William Louis Crupi";
				TargetAttributes = {
					86A4F191226272740021DE1A = {
						CreatedOnToolsVersion = 10.2;
					};
				};
			};
			buildConfigurationList = 86A4F18D226272740021DE1A /* Build configuration list for PBXProject "glewtest" */;
			compatibilityVersion = "Xcode 9.3";
			developmentRegion = en;
			hasScannedForEncodings = 0;
			knownRegions = (
				en,
			);
			mainGroup = 86A4F189226272740021DE1A;
			productRefGroup = 86A4F193226272740021DE1A /* Products */;
			projectDirPath = "";
			projectRoot = "";
			targets = (
				86A4F191226272740021DE1A /* glewtest */,
			);
		};
/* End PBXProject section */

/* Begin PBXSourcesBuildPhase section */
		86A4F18E226272740021DE1A /* Sources */ = {
			isa = PBXSourcesBuildPhase;
			buildActionMask = 2147483647;
			files = (
				86A4F196226272740021DE1A /* main.cpp in Sources */,
			);
			runOnlyForDeploymentPostprocessing = 0;
		};
/* End PBXSourcesBuildPhase section */

/* Begin XCBuildConfiguration section */
		86A4F197226272740021DE1A /* Debug */ = {
			isa = XCBuildConfiguration;
			buildSettings = {
				ALWAYS_SEARCH_USER_PATHS = NO;
				CLANG_ANALYZER_NONNULL = YES;
				CLANG_ANALYZER_NUMBER_OBJECT_CONVERSION = YES_AGGRESSIVE;
				CLANG_CXX_LANGUAGE_STANDARD = "gnu++14";
				CLANG_CXX_LIBRARY = "libc++";
				CLANG_ENABLE_MODULES = YES;
				CLANG_ENABLE_OBJC_ARC = YES;
				CLANG_ENABLE_OBJC_WEAK = YES;
				CLANG_WARN_BLOCK_CAPTURE_AUTORELEASING = YES;
				CLANG_WARN_BOOL_CONVERSION = YES;
				CLANG_WARN_COMMA = YES;
				CLANG_WARN_CONSTANT_CONVERSION = YES;
				CLANG_WARN_DEPRECATED_OBJC_IMPLEMENTATIONS = YES;
				CLANG_WARN_DIRECT_OBJC_ISA_USAGE = YES_ERROR;
				CLANG_WARN_DOCUMENTATION_COMMENTS = YES;
				CLANG_WARN_EMPTY_BODY = YES;
				CLANG_WARN_ENUM_CONVERSION = YES;
				CLANG_WARN_INFINITE_RECURSION = YES;
				CLANG_WARN_INT_CONVERSION = YES;
				CLANG_WARN_NON_LITERAL_NULL_CONVERSION = YES;
				CLANG_WARN_OBJC_IMPLICIT_RETAIN_SELF = YES;
				CLANG_WARN_OBJC_LITERAL_CONVERSION = YES;
				CLANG_WARN_OBJC_ROOT_CLASS = YES_ERROR;
				CLANG_WARN_RANGE_LOOP_ANALYSIS = YES;
				CLANG_WARN_STRICT_PROTOTYPES = YES;
				CLANG_WARN_SUSPICIOUS_MOVE = YES;
				CLANG_WARN_UNGUARDED_AVAILABILITY = YES_AGGRESSIVE;
				CLANG_WARN_UNREACHABLE_CODE = YES;
				CLANG_WARN__DUPLICATE_METHOD_MATCH = YES;
				CODE_SIGN_IDENTITY = "-";
				COPY_PHASE_STRIP = NO;
				DEBUG_INFORMATION_FORMAT = dwarf;
				ENABLE_STRICT_OBJC_MSGSEND = YES;
				ENABLE_TESTABILITY = YES;
				GCC_C_LANGUAGE_STANDARD = gnu11;
				GCC_DYNAMIC_NO_PIC = NO;
				GCC_NO_COMMON_BLOCKS = YES;
				GCC_OPTIMIZATION_LEVEL = 0;
				GCC_PREPROCESSOR_DEFINITIONS = (
					"DEBUG=1",
					"$(inherited)",
				);
				GCC_WARN_64_TO_32_BIT_CONVERSION = YES;
				GCC_WARN_ABOUT_RETURN_TYPE = YES_ERROR;
				GCC_WARN_UNDECLARED_SELECTOR = YES;
				GCC_WARN_UNINITIALIZED_AUTOS = YES_AGGRESSIVE;
				GCC_WARN_UNUSED_FUNCTION = YES;
				GCC_WARN_UNUSED_VARIABLE = YES;
				MACOSX_DEPLOYMENT_TARGET = 10.14;
				MTL_ENABLE_DEBUG_INFO = INCLUDE_SOURCE;
				MTL_FAST_MATH = YES;
				ONLY_ACTIVE_ARCH = YES;
				SDKROOT = macosx;
			};
			name = Debug;
		};
		86A4F198226272740021DE1A /* Release */ = {
			isa = XCBuildConfiguration;
			buildSettings = {
				ALWAYS_SEARCH_USER_PATHS = NO;
				CLANG_ANALYZER_NONNULL = YES;
				CLANG_ANALYZER_NUMBER_OBJECT_CONVERSION = YES_AGGRESSIVE;
				CLANG_CXX_LANGUAGE_STANDARD = "gnu++14";
				CLANG_CXX_LIBRARY = "libc++";
				CLANG_ENABLE_MODULES = YES;
				CLANG_ENABLE_OBJC_ARC = YES;
				CLANG_ENABLE_OBJC_WEAK = YES;
				CLANG_WARN_BLOCK_CAPTURE_AUTORELEASING = YES;
				CLANG_WARN_BOOL_CONVERSION = YES;
				CLANG_WARN_COMMA = YES;
				CLANG_WARN_CONSTANT_CONVERSION = YES;
				CLANG_WARN_DEPRECATED_OBJC_IMPLEMENTATIONS = YES;
				CLANG_WARN_DIRECT_OBJC_ISA_USAGE = YES_ERROR;
				CLANG_WARN_DOCUMENTATION_COMMENTS = YES;
				CLANG_WARN_EMPTY_BODY = YES;
				CLANG_WARN_ENUM_CONVERSION = YES;
				CLANG_WARN_INFINITE_RECURSION = YES;
				CLANG_WARN_INT_CONVERSION = YES;
				CLANG_WARN_NON_LITERAL_NULL_CONVERSION = YES;
				CLANG_WARN_OBJC_IMPLICIT_RETAIN_SELF = YES;
				CLANG_WARN_OBJC_LITERAL_CONVERSION = YES;
				CLANG_WARN_OBJC_ROOT_CLASS = YES_ERROR;
				CLANG_WARN_RANGE_LOOP_ANALYSIS = YES;
				CLANG_WARN_STRICT_PROTOTYPES = YES;
				CLANG_WARN_SUSPICIOUS_MOVE = YES;
				CLANG_WARN_UNGUARDED_AVAILABILITY = YES_AGGRESSIVE;
				CLANG_WARN_UNREACHABLE_CODE = YES;
				CLANG_WARN__DUPLICATE_METHOD_MATCH = YES;
				CODE_SIGN_IDENTITY = "-";
				COPY_PHASE_STRIP = NO;
				DEBUG_INFORMATION_FORMAT = "dwarf-with-dsym";
				ENABLE_NS_ASSERTIONS = NO;
				ENABLE_STRICT_OBJC_MSGSEND = YES;
				GCC_C_LANGUAGE_STANDARD = gnu11;
				GCC_NO_COMMON_BLOCKS = YES;
				GCC_WARN_64_TO_32_BIT_CONVERSION = YES;
				GCC_WARN_ABOUT_RETURN_TYPE = YES_ERROR;
				GCC_WARN_UNDECLARED_SELECTOR = YES;
				GCC_WARN_UNINITIALIZED_AUTOS = YES_AGGRESSIVE;
				GCC_WARN_UNUSED_FUNCTION = YES;
				GCC_WARN_UNUSED_VARIABLE = YES;
				MACOSX_DEPLOYMENT_TARGET = 10.14;
				MTL_ENABLE_DEBUG_INFO = NO;
				MTL_FAST_MATH = YES;
				SDKROOT = macosx;
			};
			name = Release;
		};
		86A4F19A226272740021DE1A /* Debug */ = {
			isa = XCBuildConfiguration;
			buildSettings = {
				CODE_SIGN_STYLE = Automatic;
				LIBRARY_SEARCH_PATHS = (
					"$(inherited)",
					"/usr/local/lib/**",
				);
				"LIBRARY_SEARCH_PATHS[arch=*]" = "$(inherited)";
				PRODUCT_NAME = "$(TARGET_NAME)";
				"USER_HEADER_SEARCH_PATHS[arch=*]" = (
					"/usr/local/include/GL/**",
					"/usr/local/include/GLFW/**",
				);
			};
			name = Debug;
		};
		86A4F19B226272740021DE1A /* Release */ = {
			isa = XCBuildConfiguration;
			buildSettings = {
				CODE_SIGN_STYLE = Automatic;
				LIBRARY_SEARCH_PATHS = (
					"$(inherited)",
					"/usr/local/lib/**",
				);
				PRODUCT_NAME = "$(TARGET_NAME)";
				"USER_HEADER_SEARCH_PATHS[arch=*]" = (
					/usr/local/include/GL,
					/usr/local/include/GLFW,
				);
			};
			name = Release;
		};
/* End XCBuildConfiguration section */

/* Begin XCConfigurationList section */
		86A4F18D226272740021DE1A /* Build configuration list for PBXProject "glewtest" */ = {
			isa = XCConfigurationList;
			buildConfigurations = (
				86A4F197226272740021DE1A /* Debug */,
				86A4F198226272740021DE1A /* Release */,
			);
			defaultConfigurationIsVisible = 0;
			defaultConfigurationName = Release;
		};
		86A4F199226272740021DE1A /* Build configuration list for PBXNativeTarget "glewtest" */ = {
			isa = XCConfigurationList;
			buildConfigurations = (
				86A4F19A226272740021DE1A /* Debug */,
				86A4F19B226272740021DE1A /* Release */,
			);
			defaultConfigurationIsVisible = 0;
			defaultConfigurationName = Release;
		};
/* End XCConfigurationList section */
	};
	rootObject = 86A4F18A226272740021DE1A /* Project object */;
}
